// !$*UTF8*$!
{
	archiveVersion = 1;
	classes = {
	};
	objectVersion = 46;
	objects = {

/* Begin PBXBuildFile section */
		195677861D3AD59C00FD7606 /* PostCell.m in Sources */ = {isa = PBXBuildFile; fileRef = 1957F6711D1740BD0017236A /* PostCell.m */; };
		1957F66E1D1724F00017236A /* AddPostVC.m in Sources */ = {isa = PBXBuildFile; fileRef = 1957F66D1D1724F00017236A /* AddPostVC.m */; };
		19ED03E91D1250E6003D834E /* main.m in Sources */ = {isa = PBXBuildFile; fileRef = 19ED03E81D1250E6003D834E /* main.m */; };
		19ED03EC1D1250E6003D834E /* AppDelegate.m in Sources */ = {isa = PBXBuildFile; fileRef = 19ED03EB1D1250E6003D834E /* AppDelegate.m */; };
		19ED03F21D1250E6003D834E /* Main.storyboard in Resources */ = {isa = PBXBuildFile; fileRef = 19ED03F01D1250E6003D834E /* Main.storyboard */; };
		19ED03F51D1250E6003D834E /* myHoodObjectiveC.xcdatamodeld in Sources */ = {isa = PBXBuildFile; fileRef = 19ED03F31D1250E6003D834E /* myHoodObjectiveC.xcdatamodeld */; };
		19ED03F71D1250E6003D834E /* Assets.xcassets in Resources */ = {isa = PBXBuildFile; fileRef = 19ED03F61D1250E6003D834E /* Assets.xcassets */; };
		19ED03FA1D1250E6003D834E /* LaunchScreen.storyboard in Resources */ = {isa = PBXBuildFile; fileRef = 19ED03F81D1250E6003D834E /* LaunchScreen.storyboard */; };
		19ED04031D12510A003D834E /* DataService.m in Sources */ = {isa = PBXBuildFile; fileRef = 19ED04021D12510A003D834E /* DataService.m */; };
		19ED04061D125186003D834E /* Post.m in Sources */ = {isa = PBXBuildFile; fileRef = 19ED04051D125186003D834E /* Post.m */; };
		19FBFDDB1D29FAB300D82936 /* TableViewController.m in Sources */ = {isa = PBXBuildFile; fileRef = 19FBFDDA1D29FAB300D82936 /* TableViewController.m */; };
/* End PBXBuildFile section */

/* Begin PBXFileReference section */
		1957F66C1D1724F00017236A /* AddPostVC.h */ = {isa = PBXFileReference; fileEncoding = 4; lastKnownFileType = sourcecode.c.h; path = AddPostVC.h; sourceTree = "<group>"; };
		1957F66D1D1724F00017236A /* AddPostVC.m */ = {isa = PBXFileReference; fileEncoding = 4; lastKnownFileType = sourcecode.c.objc; path = AddPostVC.m; sourceTree = "<group>"; };
		1957F6701D1740BD0017236A /* PostCell.h */ = {isa = PBXFileReference; fileEncoding = 4; lastKnownFileType = sourcecode.c.h; path = PostCell.h; sourceTree = "<group>"; };
		1957F6711D1740BD0017236A /* PostCell.m */ = {isa = PBXFileReference; fileEncoding = 4; lastKnownFileType = sourcecode.c.objc; path = PostCell.m; sourceTree = "<group>"; };
		19ED03E41D1250E6003D834E /* myHoodObjectiveC.app */ = {isa = PBXFileReference; explicitFileType = wrapper.application; includeInIndex = 0; path = myHoodObjectiveC.app; sourceTree = BUILT_PRODUCTS_DIR; };
		19ED03E81D1250E6003D834E /* main.m */ = {isa = PBXFileReference; lastKnownFileType = sourcecode.c.objc; path = main.m; sourceTree = "<group>"; };
		19ED03EA1D1250E6003D834E /* AppDelegate.h */ = {isa = PBXFileReference; lastKnownFileType = sourcecode.c.h; path = AppDelegate.h; sourceTree = "<group>"; };
		19ED03EB1D1250E6003D834E /* AppDelegate.m */ = {isa = PBXFileReference; lastKnownFileType = sourcecode.c.objc; path = AppDelegate.m; sourceTree = "<group>"; };
		19ED03F11D1250E6003D834E /* Base */ = {isa = PBXFileReference; lastKnownFileType = file.storyboard; name = Base; path = Base.lproj/Main.storyboard; sourceTree = "<group>"; };
		19ED03F41D1250E6003D834E /* myHoodObjectiveC.xcdatamodel */ = {isa = PBXFileReference; lastKnownFileType = wrapper.xcdatamodel; path = myHoodObjectiveC.xcdatamodel; sourceTree = "<group>"; };
		19ED03F61D1250E6003D834E /* Assets.xcassets */ = {isa = PBXFileReference; lastKnownFileType = folder.assetcatalog; path = Assets.xcassets; sourceTree = "<group>"; };
		19ED03F91D1250E6003D834E /* Base */ = {isa = PBXFileReference; lastKnownFileType = file.storyboard; name = Base; path = Base.lproj/LaunchScreen.storyboard; sourceTree = "<group>"; };
		19ED03FB1D1250E6003D834E /* Info.plist */ = {isa = PBXFileReference; lastKnownFileType = text.plist.xml; path = Info.plist; sourceTree = "<group>"; };
		19ED04011D12510A003D834E /* DataService.h */ = {isa = PBXFileReference; fileEncoding = 4; lastKnownFileType = sourcecode.c.h; path = DataService.h; sourceTree = "<group>"; };
		19ED04021D12510A003D834E /* DataService.m */ = {isa = PBXFileReference; fileEncoding = 4; lastKnownFileType = sourcecode.c.objc; path = DataService.m; sourceTree = "<group>"; };
		19ED04041D125186003D834E /* Post.h */ = {isa = PBXFileReference; fileEncoding = 4; lastKnownFileType = sourcecode.c.h; path = Post.h; sourceTree = "<group>"; };
		19ED04051D125186003D834E /* Post.m */ = {isa = PBXFileReference; fileEncoding = 4; lastKnownFileType = sourcecode.c.objc; path = Post.m; sourceTree = "<group>"; };
		19FBFDD91D29FAB300D82936 /* TableViewController.h */ = {isa = PBXFileReference; fileEncoding = 4; lastKnownFileType = sourcecode.c.h; path = TableViewController.h; sourceTree = "<group>"; };
		19FBFDDA1D29FAB300D82936 /* TableViewController.m */ = {isa = PBXFileReference; fileEncoding = 4; lastKnownFileType = sourcecode.c.objc; path = TableViewController.m; sourceTree = "<group>"; };
/* End PBXFileReference section */

/* Begin PBXFrameworksBuildPhase section */
		19ED03E11D1250E6003D834E /* Frameworks */ = {
			isa = PBXFrameworksBuildPhase;
			buildActionMask = 2147483647;
			files = (
			);
			runOnlyForDeploymentPostprocessing = 0;
		};
/* End PBXFrameworksBuildPhase section */

/* Begin PBXGroup section */
		1957F6691D17242E0017236A /* Model */ = {
			isa = PBXGroup;
			children = (
				19ED04041D125186003D834E /* Post.h */,
				19ED04051D125186003D834E /* Post.m */,
			);
			name = Model;
			sourceTree = "<group>";
		};
		1957F66A1D17243B0017236A /* View */ = {
			isa = PBXGroup;
			children = (
				19ED03F01D1250E6003D834E /* Main.storyboard */,
				1957F6701D1740BD0017236A /* PostCell.h */,
				1957F6711D1740BD0017236A /* PostCell.m */,
			);
			name = View;
			sourceTree = "<group>";
		};
		1957F66B1D1724470017236A /* Controller */ = {
			isa = PBXGroup;
			children = (
				1957F66C1D1724F00017236A /* AddPostVC.h */,
				1957F66D1D1724F00017236A /* AddPostVC.m */,
				19FBFDD91D29FAB300D82936 /* TableViewController.h */,
				19FBFDDA1D29FAB300D82936 /* TableViewController.m */,
			);
			name = Controller;
			sourceTree = "<group>";
		};
		1957F66F1D172FFD0017236A /* Services */ = {
			isa = PBXGroup;
			children = (
				19ED04011D12510A003D834E /* DataService.h */,
				19ED04021D12510A003D834E /* DataService.m */,
			);
			name = Services;
			sourceTree = "<group>";
		};
		19ED03DB1D1250E6003D834E = {
			isa = PBXGroup;
			children = (
				19ED03E61D1250E6003D834E /* myHoodObjectiveC */,
				19ED03E51D1250E6003D834E /* Products */,
			);
			sourceTree = "<group>";
		};
		19ED03E51D1250E6003D834E /* Products */ = {
			isa = PBXGroup;
			children = (
				19ED03E41D1250E6003D834E /* myHoodObjectiveC.app */,
			);
			name = Products;
			sourceTree = "<group>";
		};
		19ED03E61D1250E6003D834E /* myHoodObjectiveC */ = {
			isa = PBXGroup;
			children = (
				1957F66F1D172FFD0017236A /* Services */,
				1957F6691D17242E0017236A /* Model */,
				1957F66A1D17243B0017236A /* View */,
				1957F66B1D1724470017236A /* Controller */,
				19ED03EA1D1250E6003D834E /* AppDelegate.h */,
				19ED03EB1D1250E6003D834E /* AppDelegate.m */,
				19ED03F61D1250E6003D834E /* Assets.xcassets */,
				19ED03F81D1250E6003D834E /* LaunchScreen.storyboard */,
				19ED03FB1D1250E6003D834E /* Info.plist */,
				19ED03F31D1250E6003D834E /* myHoodObjectiveC.xcdatamodeld */,
				19ED03E71D1250E6003D834E /* Supporting Files */,
			);
			path = myHoodObjectiveC;
			sourceTree = "<group>";
		};
		19ED03E71D1250E6003D834E /* Supporting Files */ = {
			isa = PBXGroup;
			children = (
				19ED03E81D1250E6003D834E /* main.m */,
			);
			name = "Supporting Files";
			sourceTree = "<group>";
		};
/* End PBXGroup section */

/* Begin PBXNativeTarget section */
		19ED03E31D1250E6003D834E /* myHoodObjectiveC */ = {
			isa = PBXNativeTarget;
			buildConfigurationList = 19ED03FE1D1250E6003D834E /* Build configuration list for PBXNativeTarget "myHoodObjectiveC" */;
			buildPhases = (
				19ED03E01D1250E6003D834E /* Sources */,
				19ED03E11D1250E6003D834E /* Frameworks */,
				19ED03E21D1250E6003D834E /* Resources */,
			);
			buildRules = (
			);
			dependencies = (
			);
			name = myHoodObjectiveC;
			productName = myHoodObjectiveC;
			productReference = 19ED03E41D1250E6003D834E /* myHoodObjectiveC.app */;
			productType = "com.apple.product-type.application";
		};
/* End PBXNativeTarget section */

/* Begin PBXProject section */
		19ED03DC1D1250E6003D834E /* Project object */ = {
			isa = PBXProject;
			attributes = {
				LastUpgradeCheck = 0730;
				ORGANIZATIONNAME = Shawn;
				TargetAttributes = {
					19ED03E31D1250E6003D834E = {
						CreatedOnToolsVersion = 7.3.1;
						DevelopmentTeam = ZXS9ZP9K6N;
					};
				};
			};
			buildConfigurationList = 19ED03DF1D1250E6003D834E /* Build configuration list for PBXProject "myHoodObjectiveC" */;
			compatibilityVersion = "Xcode 3.2";
			developmentRegion = English;
			hasScannedForEncodings = 0;
			knownRegions = (
				en,
				Base,
			);
			mainGroup = 19ED03DB1D1250E6003D834E;
			productRefGroup = 19ED03E51D1250E6003D834E /* Products */;
			projectDirPath = "";
			projectRoot = "";
			targets = (
				19ED03E31D1250E6003D834E /* myHoodObjectiveC */,
			);
		};
/* End PBXProject section */

/* Begin PBXResourcesBuildPhase section */
		19ED03E21D1250E6003D834E /* Resources */ = {
			isa = PBXResourcesBuildPhase;
			buildActionMask = 2147483647;
			files = (
				19ED03FA1D1250E6003D834E /* LaunchScreen.storyboard in Resources */,
				19ED03F71D1250E6003D834E /* Assets.xcassets in Resources */,
				19ED03F21D1250E6003D834E /* Main.storyboard in Resources */,
			);
			runOnlyForDeploymentPostprocessing = 0;
		};
/* End PBXResourcesBuildPhase section */

/* Begin PBXSourcesBuildPhase section */
		19ED03E01D1250E6003D834E /* Sources */ = {
			isa = PBXSourcesBuildPhase;
			buildActionMask = 2147483647;
			files = (
				19ED04061D125186003D834E /* Post.m in Sources */,
				19ED04031D12510A003D834E /* DataService.m in Sources */,
				19FBFDDB1D29FAB300D82936 /* TableViewController.m in Sources */,
				195677861D3AD59C00FD7606 /* PostCell.m in Sources */,
				19ED03EC1D1250E6003D834E /* AppDelegate.m in Sources */,
				1957F66E1D1724F00017236A /* AddPostVC.m in Sources */,
				19ED03E91D1250E6003D834E /* main.m in Sources */,
				19ED03F51D1250E6003D834E /* myHoodObjectiveC.xcdatamodeld in Sources */,
			);
			runOnlyForDeploymentPostprocessing = 0;
		};
/* End PBXSourcesBuildPhase section */

/* Begin PBXVariantGroup section */
		19ED03F01D1250E6003D834E /* Main.storyboard */ = {
			isa = PBXVariantGroup;
			children = (
				19ED03F11D1250E6003D834E /* Base */,
			);
			name = Main.storyboard;
			sourceTree = "<group>";
		};
		19ED03F81D1250E6003D834E /* LaunchScreen.storyboard */ = {
			isa = PBXVariantGroup;
			children = (
				19ED03F91D1250E6003D834E /* Base */,
			);
			name = LaunchScreen.storyboard;
			sourceTree = "<group>";
		};
/* End PBXVariantGroup section */

/* Begin XCBuildConfiguration section */
		19ED03FC1D1250E6003D834E /* Debug */ = {
			isa = XCBuildConfiguration;
			buildSettings = {
				ALWAYS_SEARCH_USER_PATHS = NO;
				CLANG_ANALYZER_NONNULL = YES;
				CLANG_CXX_LANGUAGE_STANDARD = "gnu++0x";
				CLANG_CXX_LIBRARY = "libc++";
				CLANG_ENABLE_MODULES = YES;
				CLANG_ENABLE_OBJC_ARC = YES;
				CLANG_WARN_BOOL_CONVERSION = YES;
				CLANG_WARN_CONSTANT_CONVERSION = YES;
				CLANG_WARN_DIRECT_OBJC_ISA_USAGE = YES_ERROR;
				CLANG_WARN_EMPTY_BODY = YES;
				CLANG_WARN_ENUM_CONVERSION = YES;
				CLANG_WARN_INT_CONVERSION = YES;
				CLANG_WARN_OBJC_ROOT_CLASS = YES_ERROR;
				CLANG_WARN_UNREACHABLE_CODE = YES;
				CLANG_WARN__DUPLICATE_METHOD_MATCH = YES;
				"CODE_SIGN_IDENTITY[sdk=iphoneos*]" = "iPhone Developer";
				COPY_PHASE_STRIP = NO;
				DEBUG_INFORMATION_FORMAT = dwarf;
				ENABLE_STRICT_OBJC_MSGSEND = YES;
				ENABLE_TESTABILITY = YES;
				GCC_C_LANGUAGE_STANDARD = gnu99;
				GCC_DYNAMIC_NO_PIC = NO;
				GCC_NO_COMMON_BLOCKS = YES;
				GCC_OPTIMIZATION_LEVEL = 0;
				GCC_PREPROCESSOR_DEFINITIONS = (
					"DEBUG=1",
					"$(inherited)",
				);
				GCC_WARN_64_TO_32_BIT_CONVERSION = YES;
				GCC_WARN_ABOUT_RETURN_TYPE = YES_ERROR;
				GCC_WARN_UNDECLARED_SELECTOR = YES;
				GCC_WARN_UNINITIALIZED_AUTOS = YES_AGGRESSIVE;
				GCC_WARN_UNUSED_FUNCTION = YES;
				GCC_WARN_UNUSED_VARIABLE = YES;
				IPHONEOS_DEPLOYMENT_TARGET = 9.3;
				MTL_ENABLE_DEBUG_INFO = YES;
				ONLY_ACTIVE_ARCH = YES;
				SDKROOT = iphoneos;
				TARGETED_DEVICE_FAMILY = "1,2";
			};
			name = Debug;
		};
		19ED03FD1D1250E6003D834E /* Release */ = {
			isa = XCBuildConfiguration;
			buildSettings = {
				ALWAYS_SEARCH_USER_PATHS = NO;
				CLANG_ANALYZER_NONNULL = YES;
				CLANG_CXX_LANGUAGE_STANDARD = "gnu++0x";
				CLANG_CXX_LIBRARY = "libc++";
				CLANG_ENABLE_MODULES = YES;
				CLANG_ENABLE_OBJC_ARC = YES;
				CLANG_WARN_BOOL_CONVERSION = YES;
				CLANG_WARN_CONSTANT_CONVERSION = YES;
				CLANG_WARN_DIRECT_OBJC_ISA_USAGE = YES_ERROR;
				CLANG_WARN_EMPTY_BODY = YES;
				CLANG_WARN_ENUM_CONVERSION = YES;
				CLANG_WARN_INT_CONVERSION = YES;
				CLANG_WARN_OBJC_ROOT_CLASS = YES_ERROR;
				CLANG_WARN_UNREACHABLE_CODE = YES;
				CLANG_WARN__DUPLICATE_METHOD_MATCH = YES;
				"CODE_SIGN_IDENTITY[sdk=iphoneos*]" = "iPhone Developer";
				COPY_PHASE_STRIP = NO;
				DEBUG_INFORMATION_FORMAT = "dwarf-with-dsym";
				ENABLE_NS_ASSERTIONS = NO;
				ENABLE_STRICT_OBJC_MSGSEND = YES;
				GCC_C_LANGUAGE_STANDARD = gnu99;
				GCC_NO_COMMON_BLOCKS = YES;
				GCC_WARN_64_TO_32_BIT_CONVERSION = YES;
				GCC_WARN_ABOUT_RETURN_TYPE = YES_ERROR;
				GCC_WARN_UNDECLARED_SELECTOR = YES;
				GCC_WARN_UNINITIALIZED_AUTOS = YES_AGGRESSIVE;
				GCC_WARN_UNUSED_FUNCTION = YES;
				GCC_WARN_UNUSED_VARIABLE = YES;
				IPHONEOS_DEPLOYMENT_TARGET = 9.3;
				MTL_ENABLE_DEBUG_INFO = NO;
				SDKROOT = iphoneos;
				TARGETED_DEVICE_FAMILY = "1,2";
				VALIDATE_PRODUCT = YES;
			};
			name = Release;
		};
		19ED03FF1D1250E6003D834E /* Debug */ = {
			isa = XCBuildConfiguration;
			buildSettings = {
				ASSETCATALOG_COMPILER_APPICON_NAME = AppIcon;
				CODE_SIGN_IDENTITY = "iPhone Developer";
				INFOPLIST_FILE = myHoodObjectiveC/Info.plist;
				IPHONEOS_DEPLOYMENT_TARGET = 9.3;
				LD_RUNPATH_SEARCH_PATHS = "$(inherited) @executable_path/Frameworks";
				PRODUCT_BUNDLE_IDENTIFIER = com.Shawn.myHoodObjectiveC;
				PRODUCT_NAME = "$(TARGET_NAME)";
			};
			name = Debug;
		};
		19ED04001D1250E6003D834E /* Release */ = {
			isa = XCBuildConfiguration;
			buildSettings = {
				ASSETCATALOG_COMPILER_APPICON_NAME = AppIcon;
				CODE_SIGN_IDENTITY = "iPhone Developer";
				INFOPLIST_FILE = myHoodObjectiveC/Info.plist;
				IPHONEOS_DEPLOYMENT_TARGET = 9.3;
				LD_RUNPATH_SEARCH_PATHS = "$(inherited) @executable_path/Frameworks";
				PRODUCT_BUNDLE_IDENTIFIER = com.Shawn.myHoodObjectiveC;
				PRODUCT_NAME = "$(TARGET_NAME)";
			};
			name = Release;
		};
/* End XCBuildConfiguration section */

/* Begin XCConfigurationList section */
		19ED03DF1D1250E6003D834E /* Build configuration list for PBXProject "myHoodObjectiveC" */ = {
			isa = XCConfigurationList;
			buildConfigurations = (
				19ED03FC1D1250E6003D834E /* Debug */,
				19ED03FD1D1250E6003D834E /* Release */,
			);
			defaultConfigurationIsVisible = 0;
			defaultConfigurationName = Release;
		};
		19ED03FE1D1250E6003D834E /* Build configuration list for PBXNativeTarget "myHoodObjectiveC" */ = {
			isa = XCConfigurationList;
			buildConfigurations = (
				19ED03FF1D1250E6003D834E /* Debug */,
				19ED04001D1250E6003D834E /* Release */,
			);
			defaultConfigurationIsVisible = 0;
			defaultConfigurationName = Release;
		};
/* End XCConfigurationList section */

/* Begin XCVersionGroup section */
		19ED03F31D1250E6003D834E /* myHoodObjectiveC.xcdatamodeld */ = {
			isa = XCVersionGroup;
			children = (
				19ED03F41D1250E6003D834E /* myHoodObjectiveC.xcdatamodel */,
			);
			currentVersion = 19ED03F41D1250E6003D834E /* myHoodObjectiveC.xcdatamodel */;
			path = myHoodObjectiveC.xcdatamodeld;
			sourceTree = "<group>";
			versionGroupType = wrapper.xcdatamodel;
		};
/* End XCVersionGroup section */
	};
	rootObject = 19ED03DC1D1250E6003D834E /* Project object */;
}
